<?xml version="1.0" encoding="utf-8"?>
<Project ToolsVersion="4.0" xmlns="http://schemas.microsoft.com/developer/msbuild/2003">
  <ItemGroup>
    <Filter Include="SDK">
      <UniqueIdentifier>{4FC737F1-C7A5-4376-A066-2A32D752A2FF}</UniqueIdentifier>
    </Filter>
    <Filter Include="Core">
      <UniqueIdentifier>{a1b2c3d4-1111-2222-3333-444455556666}</UniqueIdentifier>
    </Filter>
    <Filter Include="Widget">
      <UniqueIdentifier>{a1b2c3d4-1111-2222-3333-444455557777}</UniqueIdentifier>
    </Filter>
    <Filter Include="Utility">
      <UniqueIdentifier>{a1b2c3d4-1111-2222-3333-444455558888}</UniqueIdentifier>
    </Filter>
    <Filter Include="Widget\Tabs">
      <UniqueIdentifier>{2e3b1178-9f0c-4c52-8b66-cdb26f4b6ac1}</UniqueIdentifier>
    </Filter>
    <Filter Include="Widget\Tabs\Pages">
      <UniqueIdentifier>{1d5837d8-7611-4f42-8e12-40cc80542887}</UniqueIdentifier>
    </Filter>
  </ItemGroup>
  <ItemGroup>
    <ClCompile Include="..\SDK\Basic.cpp">
      <Filter>SDK</Filter>
    </ClCompile>
    <ClCompile Include="..\SDK\CoreUObject_functions.cpp">
      <Filter>SDK</Filter>
    </ClCompile>
    <ClCompile Include="..\SDK\Engine_functions.cpp">
      <Filter>SDK</Filter>
    </ClCompile>
    <ClCompile Include="..\SDK\UMG_functions.cpp">
      <Filter>SDK</Filter>
    </ClCompile>
    <ClCompile Include="..\SDK\NeoUI_functions.cpp">
      <Filter>SDK</Filter>
    </ClCompile>
    <ClCompile Include="..\SDK\JHCommon_Btn_Free_functions.cpp">
      <Filter>SDK</Filter>
    </ClCompile>
    <ClCompile Include="..\SDK\JH_functions.cpp">
      <Filter>SDK</Filter>
    </ClCompile>
    <ClCompile Include="..\SDK\BPMV_ConfigView2_functions.cpp">
      <Filter>SDK</Filter>
    </ClCompile>
    <ClCompile Include="..\SDK\BP_JHConfigTabBtn_functions.cpp">
      <Filter>SDK</Filter>
    </ClCompile>
    <ClCompile Include="..\SDK\BPVE_JHConfigVideoItem2_functions.cpp">
      <Filter>SDK</Filter>
    </ClCompile>
    <ClCompile Include="..\SDK\BPVE_JHConfigVolumeItem2_functions.cpp">
      <Filter>SDK</Filter>
    </ClCompile>
    <ClCompile Include="Core\Main.cpp">
      <Filter>Core</Filter>
    </ClCompile>
    <ClCompile Include="Core\CheatState.cpp">
      <Filter>Core</Filter>
    </ClCompile>
    <ClCompile Include="Core\FrameHook.cpp">
      <Filter>Core</Filter>
    </ClCompile>
    <ClCompile Include="Widget\PanelManager.cpp">
      <Filter>Widget</Filter>
    </ClCompile>
    <ClCompile Include="Widget\WidgetFactory.cpp">
      <Filter>Widget</Filter>
    </ClCompile>
    <ClCompile Include="Widget\WidgetUtils.cpp">
      <Filter>Widget</Filter>
    </ClCompile>
    <ClCompile Include="Widget\TabContent.cpp">
      <Filter>Widget</Filter>
    </ClCompile>
    <ClCompile Include="Widget\ItemBrowser.cpp">
      <Filter>Widget</Filter>
    </ClCompile>
    <ClCompile Include="Utility\Logging.cpp">
      <Filter>Utility</Filter>
    </ClCompile>
    <ClCompile Include="Utility\GCManager.cpp">
      <Filter>Utility</Filter>
    </ClCompile>
  </ItemGroup>
  <ItemGroup>
    <ClInclude Include="Core\CheatState.hpp">
      <Filter>Core</Filter>
    </ClInclude>
    <ClInclude Include="Core\FrameHook.hpp">
      <Filter>Core</Filter>
    </ClInclude>
    <ClInclude Include="Widget\PanelManager.hpp">
      <Filter>Widget</Filter>
    </ClInclude>
    <ClInclude Include="Widget\WidgetFactory.hpp">
      <Filter>Widget</Filter>
    </ClInclude>
    <ClInclude Include="Widget\WidgetUtils.hpp">
      <Filter>Widget</Filter>
    </ClInclude>
    <ClInclude Include="Widget\TabContent.hpp">
      <Filter>Widget</Filter>
    </ClInclude>
    <ClInclude Include="Widget\Tabs\Pages\Tab0Character.inl">
      <Filter>Widget\Tabs\Pages</Filter>
    </ClInclude>
    <ClInclude Include="Widget\Tabs\Pages\Tab1Items.inl">
      <Filter>Widget\Tabs\Pages</Filter>
    </ClInclude>
    <ClInclude Include="Widget\Tabs\Pages\Tab2Battle.inl">
      <Filter>Widget\Tabs\Pages</Filter>
    </ClInclude>
    <ClInclude Include="Widget\Tabs\Pages\Tab3Life.inl">
      <Filter>Widget\Tabs\Pages</Filter>
    </ClInclude>
    <ClInclude Include="Widget\Tabs\Pages\Tab4Social.inl">
      <Filter>Widget\Tabs\Pages</Filter>
    </ClInclude>
    <ClInclude Include="Widget\Tabs\Pages\Tab5System.inl">
      <Filter>Widget\Tabs\Pages</Filter>
    </ClInclude>
    <ClInclude Include="Widget\Tabs\Pages\Tab6Teammates.inl">
      <Filter>Widget\Tabs\Pages</Filter>
    </ClInclude>
    <ClInclude Include="Widget\Tabs\Pages\Tab7Quests.inl">
      <Filter>Widget\Tabs\Pages</Filter>
    </ClInclude>
    <ClInclude Include="Widget\ItemBrowser.hpp">
      <Filter>Widget</Filter>
    </ClInclude>
    <ClInclude Include="Utility\Logging.hpp">
      <Filter>Utility</Filter>
    </ClInclude>
    <ClInclude Include="Utility\GCManager.hpp">
      <Filter>Utility</Filter>
    </ClInclude>
    <ClInclude Include="..\VTHook.hpp">
      <Filter>Utility</Filter>
    </ClInclude>
  </ItemGroup>
</Project>
