<?xml version="1.0" encoding="utf-8"?>
<Project ToolsVersion="4.0" xmlns="http://schemas.microsoft.com/developer/msbuild/2003">
  <ItemGroup>
    <Filter Include="SDK">
      <UniqueIdentifier>{4FC737F1-C7A5-4376-A066-2A32D752A2FF}</UniqueIdentifier>
    </Filter>
    <Filter Include="Core">
      <UniqueIdentifier>{a1b2c3d4-1111-2222-3333-444455556666}</UniqueIdentifier>
    </Filter>
    <Filter Include="Widget">
      <UniqueIdentifier>{a1b2c3d4-1111-2222-3333-444455557777}</UniqueIdentifier>
    </Filter>
    <Filter Include="Utility">
      <UniqueIdentifier>{a1b2c3d4-1111-2222-3333-444455558888}</UniqueIdentifier>
    </Filter>
  </ItemGroup>
  <ItemGroup>
    <ClCompile Include="..\SDK\Basic.cpp">
      <Filter>SDK</Filter>
    </ClCompile>
    <ClCompile Include="..\SDK\CoreUObject_functions.cpp">
      <Filter>SDK</Filter>
    </ClCompile>
    <ClCompile Include="..\SDK\Engine_functions.cpp">
      <Filter>SDK</Filter>
    </ClCompile>
    <ClCompile Include="..\SDK\UMG_functions.cpp">
      <Filter>SDK</Filter>
    </ClCompile>
    <ClCompile Include="..\SDK\NeoUI_functions.cpp">
      <Filter>SDK</Filter>
    </ClCompile>
    <ClCompile Include="..\SDK\JHCommon_Btn_Free_functions.cpp">
      <Filter>SDK</Filter>
    </ClCompile>
    <ClCompile Include="..\SDK\JH_functions.cpp">
      <Filter>SDK</Filter>
    </ClCompile>
    <ClCompile Include="..\SDK\BPMV_ConfigView2_functions.cpp">
      <Filter>SDK</Filter>
    </ClCompile>
    <ClCompile Include="..\SDK\BP_JHConfigTabBtn_functions.cpp">
      <Filter>SDK</Filter>
    </ClCompile>
    <ClCompile Include="..\SDK\BPVE_JHConfigVideoItem2_functions.cpp">
      <Filter>SDK</Filter>
    </ClCompile>
    <ClCompile Include="..\SDK\BPVE_JHConfigVolumeItem2_functions.cpp">
      <Filter>SDK</Filter>
    </ClCompile>
    <ClCompile Include="Main.cpp">
      <Filter>Core</Filter>
    </ClCompile>
    <ClCompile Include="CheatState.cpp">
      <Filter>Core</Filter>
    </ClCompile>
    <ClCompile Include="FrameHook.cpp">
      <Filter>Core</Filter>
    </ClCompile>
    <ClCompile Include="PanelManager.cpp">
      <Filter>Widget</Filter>
    </ClCompile>
    <ClCompile Include="WidgetFactory.cpp">
      <Filter>Widget</Filter>
    </ClCompile>
    <ClCompile Include="WidgetUtils.cpp">
      <Filter>Widget</Filter>
    </ClCompile>
    <ClCompile Include="TabContent.cpp">
      <Filter>Widget</Filter>
    </ClCompile>
    <ClCompile Include="ItemBrowser.cpp">
      <Filter>Widget</Filter>
    </ClCompile>
    <ClCompile Include="Logging.cpp">
      <Filter>Utility</Filter>
    </ClCompile>
    <ClCompile Include="GCManager.cpp">
      <Filter>Utility</Filter>
    </ClCompile>
  </ItemGroup>
  <ItemGroup>
    <ClInclude Include="CheatState.hpp">
      <Filter>Core</Filter>
    </ClInclude>
    <ClInclude Include="FrameHook.hpp">
      <Filter>Core</Filter>
    </ClInclude>
    <ClInclude Include="PanelManager.hpp">
      <Filter>Widget</Filter>
    </ClInclude>
    <ClInclude Include="WidgetFactory.hpp">
      <Filter>Widget</Filter>
    </ClInclude>
    <ClInclude Include="WidgetUtils.hpp">
      <Filter>Widget</Filter>
    </ClInclude>
    <ClInclude Include="TabContent.hpp">
      <Filter>Widget</Filter>
    </ClInclude>
    <ClInclude Include="ItemBrowser.hpp">
      <Filter>Widget</Filter>
    </ClInclude>
    <ClInclude Include="Logging.hpp">
      <Filter>Utility</Filter>
    </ClInclude>
    <ClInclude Include="GCManager.hpp">
      <Filter>Utility</Filter>
    </ClInclude>
    <ClInclude Include="..\VTHook.hpp">
      <Filter>Utility</Filter>
    </ClInclude>
  </ItemGroup>
</Project>
